
Microsoft Visual Studio Solution File, Format Version 12.00
# Visual Studio 15
VisualStudioVersion = 15.0.28010.2036
MinimumVisualStudioVersion = 10.0.40219.1
Project("{FAE04EC0-301F-11D3-BF4B-00C04F79EFBC}") = "ease-interview", "ease-interview\ease-interview.csproj", "{A83F35B1-AB0B-41C7-9743-B6E8549A6D6A}"
EndProject
Global
	GlobalSection(SolutionConfigurationPlatforms) = preSolution
		Debug|Any CPU = Debug|Any CPU
		Release|Any CPU = Release|Any CPU
	EndGlobalSection
	GlobalSection(ProjectConfigurationPlatforms) = postSolution
		{A83F35B1-AB0B-41C7-9743-B6E8549A6D6A}.Debug|Any CPU.ActiveCfg = Debug|Any CPU
		{A83F35B1-AB0B-41C7-9743-B6E8549A6D6A}.Debug|Any CPU.Build.0 = Debug|Any CPU
		{A83F35B1-AB0B-41C7-9743-B6E8549A6D6A}.Release|Any CPU.ActiveCfg = Release|Any CPU
		{A83F35B1-AB0B-41C7-9743-B6E8549A6D6A}.Release|Any CPU.Build.0 = Release|Any CPU
	EndGlobalSection
	GlobalSection(SolutionProperties) = preSolution
		HideSolutionNode = FALSE
	EndGlobalSection
	GlobalSection(ExtensibilityGlobals) = postSolution
		SolutionGuid = {72AB02E0-4E32-4C60-B9A1-193210391146}
	EndGlobalSection
EndGlobal
